
Microsoft Visual Studio Solution File, Format Version 12.00
# Visual Studio Version 17
VisualStudioVersion = 17.3.32611.2
MinimumVisualStudioVersion = 10.0.40219.1
Project("{9A19103F-16F7-4668-BE54-9A1E7A4F7556}") = "MyBlazor.Server", "MyBlazor\Server\MyBlazor.Server.csproj", "{4E069983-B960-4CFC-9D33-6C96BB9D4A78}"
EndProject
Project("{9A19103F-16F7-4668-BE54-9A1E7A4F7556}") = "MyBlazor.Client", "MyBlazor\Client\MyBlazor.Client.csproj", "{6BAB4D80-9243-4918-A0CE-5E443743E727}"
EndProject
Project("{9A19103F-16F7-4668-BE54-9A1E7A4F7556}") = "MyBlazor.Shared", "MyBlazor\Shared\MyBlazor.Shared.csproj", "{54FEF52B-C01C-404B-B430-18F7EE05E799}"
EndProject
Project("{9A19103F-16F7-4668-BE54-9A1E7A4F7556}") = "MyBlazor.Hybrid", "MyBlazor.Hybrid\MyBlazor.Hybrid.csproj", "{75333F7A-8D84-4CF1-A001-65EA9699E2CD}"
EndProject
Project("{9A19103F-16F7-4668-BE54-9A1E7A4F7556}") = "MyBlazor.SharedUI", "MyBlazor.SharedUI\MyBlazor.SharedUI.csproj", "{304D0255-569C-41AF-8512-36C31DAF1A63}"
EndProject
Project("{FAE04EC0-301F-11D3-BF4B-00C04F79EFBC}") = "MyBlazor.SharedUI.Tests", "MyBlazor.SharedUI.Tests\MyBlazor.SharedUI.Tests.csproj", "{9B26F7BD-FDC6-4F87-8990-AF953576FD5C}"
EndProject
Global
	GlobalSection(SolutionConfigurationPlatforms) = preSolution
		Debug|Any CPU = Debug|Any CPU
		Release|Any CPU = Release|Any CPU
	EndGlobalSection
	GlobalSection(ProjectConfigurationPlatforms) = postSolution
		{4E069983-B960-4CFC-9D33-6C96BB9D4A78}.Debug|Any CPU.ActiveCfg = Debug|Any CPU
		{4E069983-B960-4CFC-9D33-6C96BB9D4A78}.Debug|Any CPU.Build.0 = Debug|Any CPU
		{4E069983-B960-4CFC-9D33-6C96BB9D4A78}.Release|Any CPU.ActiveCfg = Release|Any CPU
		{4E069983-B960-4CFC-9D33-6C96BB9D4A78}.Release|Any CPU.Build.0 = Release|Any CPU
		{6BAB4D80-9243-4918-A0CE-5E443743E727}.Debug|Any CPU.ActiveCfg = Debug|Any CPU
		{6BAB4D80-9243-4918-A0CE-5E443743E727}.Debug|Any CPU.Build.0 = Debug|Any CPU
		{6BAB4D80-9243-4918-A0CE-5E443743E727}.Release|Any CPU.ActiveCfg = Release|Any CPU
		{6BAB4D80-9243-4918-A0CE-5E443743E727}.Release|Any CPU.Build.0 = Release|Any CPU
		{54FEF52B-C01C-404B-B430-18F7EE05E799}.Debug|Any CPU.ActiveCfg = Debug|Any CPU
		{54FEF52B-C01C-404B-B430-18F7EE05E799}.Debug|Any CPU.Build.0 = Debug|Any CPU
		{54FEF52B-C01C-404B-B430-18F7EE05E799}.Release|Any CPU.ActiveCfg = Release|Any CPU
		{54FEF52B-C01C-404B-B430-18F7EE05E799}.Release|Any CPU.Build.0 = Release|Any CPU
		{75333F7A-8D84-4CF1-A001-65EA9699E2CD}.Debug|Any CPU.ActiveCfg = Debug|Any CPU
		{75333F7A-8D84-4CF1-A001-65EA9699E2CD}.Debug|Any CPU.Build.0 = Debug|Any CPU
		{75333F7A-8D84-4CF1-A001-65EA9699E2CD}.Debug|Any CPU.Deploy.0 = Debug|Any CPU
		{75333F7A-8D84-4CF1-A001-65EA9699E2CD}.Release|Any CPU.ActiveCfg = Release|Any CPU
		{75333F7A-8D84-4CF1-A001-65EA9699E2CD}.Release|Any CPU.Build.0 = Release|Any CPU
		{75333F7A-8D84-4CF1-A001-65EA9699E2CD}.Release|Any CPU.Deploy.0 = Release|Any CPU
		{304D0255-569C-41AF-8512-36C31DAF1A63}.Debug|Any CPU.ActiveCfg = Debug|Any CPU
		{304D0255-569C-41AF-8512-36C31DAF1A63}.Debug|Any CPU.Build.0 = Debug|Any CPU
		{304D0255-569C-41AF-8512-36C31DAF1A63}.Release|Any CPU.ActiveCfg = Release|Any CPU
		{304D0255-569C-41AF-8512-36C31DAF1A63}.Release|Any CPU.Build.0 = Release|Any CPU
		{9B26F7BD-FDC6-4F87-8990-AF953576FD5C}.Debug|Any CPU.ActiveCfg = Debug|Any CPU
		{9B26F7BD-FDC6-4F87-8990-AF953576FD5C}.Debug|Any CPU.Build.0 = Debug|Any CPU
		{9B26F7BD-FDC6-4F87-8990-AF953576FD5C}.Release|Any CPU.ActiveCfg = Release|Any CPU
		{9B26F7BD-FDC6-4F87-8990-AF953576FD5C}.Release|Any CPU.Build.0 = Release|Any CPU
	EndGlobalSection
	GlobalSection(SolutionProperties) = preSolution
		HideSolutionNode = FALSE
	EndGlobalSection
	GlobalSection(ExtensibilityGlobals) = postSolution
		SolutionGuid = {F4AF3B41-06E1-4BF5-BA74-9A8F3C3A87A4}
	EndGlobalSection
EndGlobal
